{
  "name": "screeps.com",
  "lockfileVersion": 3,
  "requires": true,
  "packages": {
    "": {
      "dependencies": {
        "@types/lodash": "^4.17.13",
        "@types/screeps": "^3.3.8",
        "screeps-profiler": "^2.0.1"
      },
      "devDependencies": {
        "@types/node": "^22.10.2"
      }
    },
    "node_modules/@types/lodash": {
      "version": "4.17.13",
      "resolved": "https://registry.npmjs.org/@types/lodash/-/lodash-4.17.13.tgz",
      "integrity": "sha512-lfx+dftrEZcdBPczf9d0Qv0x+j/rfNCMuC6OcfXmO8gkfeNAY88PgKUbvG56whcN23gc27yenwF6oJZXGFpYxg=="
    },
    "node_modules/@types/node": {
      "version": "22.10.2",
      "resolved": "https://registry.npmjs.org/@types/node/-/node-22.10.2.tgz",
      "integrity": "sha512-Xxr6BBRCAOQixvonOye19wnzyDiUtTeqldOOmj3CkeblonbccA12PFwlufvRdrpjXxqnmUaeiU5EOA+7s5diUQ==",
      "dev": true,
      "dependencies": {
        "undici-types": "~6.20.0"
      }
    },
    "node_modules/@types/screeps": {
      "version": "3.3.8",
      "resolved": "https://registry.npmjs.org/@types/screeps/-/screeps-3.3.8.tgz",
      "integrity": "sha512-PlZRi5l0RaYNI67BgH4AUxhPeK9fKOyPNdFOVYiT66Olj1RtTjEaPY/REUNTSFKREczKM4oeLuVebJh6uorxzw=="
    },
    "node_modules/screeps-profiler": {
      "version": "2.0.1",
      "resolved": "https://registry.npmjs.org/screeps-profiler/-/screeps-profiler-2.0.1.tgz",
      "integrity": "sha512-aOQWu/biCCEhIaaPO/5sXkD4/ruGAUxAf6Ogfg2dWWon9o1xcXjJQQYJPFVl4Hb6IjS6UPGvM7hxJV7FQMRPrg=="
    },
    "node_modules/undici-types": {
      "version": "6.20.0",
      "resolved": "https://registry.npmjs.org/undici-types/-/undici-types-6.20.0.tgz",
      "integrity": "sha512-Ny6QZ2Nju20vw1SRHe3d9jVu6gJ+4e3+MMpqu7pqE5HT6WsTSlce++GQmK5UXS8mzV8DSYHrQH+Xrf2jVcuKNg==",
      "dev": true
    }
  }
}
